# This file was autogenerated by uv via the following command:
#    uv pip compile backend/pyproject.toml -o backend/requirements.lock
aiohappyeyeballs==2.7.1
    # via aiohttp
aiohttp==3.14.3
    # via oxylabs
aiosignal==1.4.0
    # via aiohttp
alembic==1.20.0
    # via amazon-geo-rank-monitor (backend/pyproject.toml)
annotated-doc==0.0.5
    # via fastapi
annotated-types==0.8.0
    # via pydantic
anyio==4.15.1
    # via
    #   httpx
    #   httpx2
    #   mcp
    #   sse-starlette
    #   starlette
argon2-cffi==25.1.0
    # via amazon-geo-rank-monitor (backend/pyproject.toml)
argon2-cffi-bindings==26.1.0
    # via argon2-cffi
attrs==26.1.0
    # via
    #   aiohttp
    #   jsonschema
    #   referencing
certifi==2026.7.22
    # via
    #   httpcore
    #   httpx
    #   requests
cffi==2.1.1
    # via
    #   argon2-cffi-bindings
    #   cryptography
charset-normalizer==3.5.1
    # via requests
click==8.5.0
    # via uvicorn
croniter==6.2.4
    # via amazon-geo-rank-monitor (backend/pyproject.toml)
cryptography==50.0.1
    # via
    #   amazon-geo-rank-monitor (backend/pyproject.toml)
    #   pyjwt
fastapi==0.141.1
    # via amazon-geo-rank-monitor (backend/pyproject.toml)
frozenlist==1.8.0
    # via
    #   aiohttp
    #   aiosignal
greenlet==3.5.6
    # via playwright
h11==0.16.0
    # via
    #   httpcore
    #   httpcore2
    #   uvicorn
httpcore==1.0.9
    # via httpx
httpcore2==2.13.1
    # via httpx2
httpx==0.28.1
    # via amazon-geo-rank-monitor (backend/pyproject.toml)
httpx2==2.13.1
    # via mcp
idna==3.20
    # via
    #   anyio
    #   httpx
    #   httpx2
    #   requests
    #   yarl
jsonschema==4.26.0
    # via mcp
jsonschema-specifications==2025.9.1
    # via jsonschema
mako==1.4.3
    # via alembic
markupsafe==3.0.3
    # via mako
mcp==2.2.0
    # via amazon-geo-rank-monitor (backend/pyproject.toml)
mcp-types==2.2.0
    # via mcp
multidict==6.9.1
    # via
    #   aiohttp
    #   yarl
opentelemetry-api==1.45.0
    # via mcp
oxylabs==3.0.0
    # via amazon-geo-rank-monitor (backend/pyproject.toml)
playwright==1.63.0
    # via amazon-geo-rank-monitor (backend/pyproject.toml)
propcache==0.5.4
    # via
    #   aiohttp
    #   yarl
psycopg==3.3.6
    # via amazon-geo-rank-monitor (backend/pyproject.toml)
psycopg-binary==3.3.6
    # via psycopg
pycparser==3.0
    # via cffi
pydantic==2.13.5
    # via
    #   amazon-geo-rank-monitor (backend/pyproject.toml)
    #   fastapi
    #   mcp
    #   mcp-types
    #   pydantic-settings
pydantic-core==2.46.5
    # via pydantic
pydantic-settings==2.15.0
    # via amazon-geo-rank-monitor (backend/pyproject.toml)
pyee==13.0.1
    # via playwright
pyjwt==2.15.1
    # via mcp
pyotp==2.10.0
    # via amazon-geo-rank-monitor (backend/pyproject.toml)
python-dateutil==2.9.0.post0
    # via croniter
python-dotenv==1.2.3
    # via pydantic-settings
python-multipart==0.0.32
    # via mcp
pyyaml==6.0.3
    # via amazon-geo-rank-monitor (backend/pyproject.toml)
redis==6.4.0
    # via amazon-geo-rank-monitor (backend/pyproject.toml)
referencing==0.37.0
    # via
    #   jsonschema
    #   jsonschema-specifications
requests==2.34.2
    # via
    #   oxylabs
    #   stripe
rpds-py==2026.6.3
    # via
    #   jsonschema
    #   referencing
six==1.17.0
    # via python-dateutil
sqlalchemy==2.1.1
    # via
    #   amazon-geo-rank-monitor (backend/pyproject.toml)
    #   alembic
sse-starlette==3.5.0
    # via mcp
starlette==1.7.0
    # via
    #   fastapi
    #   mcp
    #   sse-starlette
stripe==15.6.1
    # via amazon-geo-rank-monitor (backend/pyproject.toml)
truststore==0.10.4
    # via
    #   httpcore2
    #   httpx2
typing-extensions==4.16.0
    # via
    #   aiohttp
    #   aiosignal
    #   alembic
    #   anyio
    #   fastapi
    #   httpx2
    #   mcp
    #   mcp-types
    #   opentelemetry-api
    #   psycopg
    #   pydantic
    #   pydantic-core
    #   pyee
    #   referencing
    #   sqlalchemy
    #   starlette
    #   stripe
    #   typing-inspection
typing-inspection==0.4.4
    # via
    #   fastapi
    #   mcp
    #   pydantic
    #   pydantic-settings
urllib3==2.8.0
    # via requests
uvicorn==0.54.0
    # via
    #   amazon-geo-rank-monitor (backend/pyproject.toml)
    #   mcp
yarl==1.25.1
    # via aiohttp
